
Microsoft Visual Studio Solution File, Format Version 12.00
# Visual Studio Version 17
VisualStudioVersion = 17.7.34031.279
MinimumVisualStudioVersion = 10.0.40219.1
Project("{2150E333-8FDC-42A3-9474-1A3956D46DE8}") = "Services", "Services", "{28B2CE78-689E-452D-AE86-D4C35B6C9AB2}"
EndProject
Project("{2150E333-8FDC-42A3-9474-1A3956D46DE8}") = "Authentication", "Authentication", "{A365C598-D9A5-41A7-BFA4-A9179FBCD56D}"
EndProject
Project("{2150E333-8FDC-42A3-9474-1A3956D46DE8}") = "Common", "Common", "{0146DE27-8958-4C75-B3B6-89BCF3C0761D}"
EndProject
Project("{2150E333-8FDC-42A3-9474-1A3956D46DE8}") = "SharedKernel", "SharedKernel", "{E3F37D2D-7F9B-4557-9268-7B8E67D73983}"
EndProject
Project("{9A19103F-16F7-4668-BE54-9A1E7A4F7556}") = "Common.Domain", "Services\Common\Common.Domain\Common.Domain.csproj", "{DF0E39D4-5CFC-4E18-AA51-EC6493F2CE1F}"
EndProject
Project("{9A19103F-16F7-4668-BE54-9A1E7A4F7556}") = "Common.Infrastructure", "Services\Common\Common.Infrastructure\Common.Infrastructure.csproj", "{39BD7624-244D-4595-87C7-E79519051D4F}"
EndProject
Project("{9A19103F-16F7-4668-BE54-9A1E7A4F7556}") = "SharedKernel.Domain", "Services\SharedKernel\SharedKernel.Domain\SharedKernel.Domain.csproj", "{98202EA4-3925-45F2-AE03-48FD5214A482}"
EndProject
Project("{9A19103F-16F7-4668-BE54-9A1E7A4F7556}") = "SharedKernel.Infrastructure", "Services\SharedKernel\SharedKernel.Infrastructure\SharedKernel.Infrastructure.csproj", "{4FFBA81F-9514-442C-A82F-F422132FEC6A}"
EndProject
Project("{9A19103F-16F7-4668-BE54-9A1E7A4F7556}") = "SharedKernel.Tests", "Services\SharedKernel\SharedKernel.Tests\SharedKernel.Tests.csproj", "{A6D21374-745C-48FF-957A-13FF5B198933}"
EndProject
Project("{9A19103F-16F7-4668-BE54-9A1E7A4F7556}") = "Authentication.Application", "Services\Authentication\Authentication.Application\Authentication.Application.csproj", "{DE1B58E6-3F1F-4588-85BD-8710C4FB185D}"
EndProject
Project("{9A19103F-16F7-4668-BE54-9A1E7A4F7556}") = "Authentication.Domain", "Services\Authentication\Authentication.Domain\Authentication.Domain.csproj", "{C02142DB-03D3-49C8-A741-000AF857937E}"
EndProject
Project("{9A19103F-16F7-4668-BE54-9A1E7A4F7556}") = "Authentication.Infrastructure", "Services\Authentication\Authentication.Infrastructure\Authentication.Infrastructure.csproj", "{4F88099A-88BE-41B3-956A-729228D83A43}"
EndProject
Project("{9A19103F-16F7-4668-BE54-9A1E7A4F7556}") = "Authentication.Tests", "Services\Authentication\Authentication.Tests\Authentication.Tests.csproj", "{07285C34-5C5C-4581-9DF6-2EF7E23021ED}"
EndProject
Project("{2150E333-8FDC-42A3-9474-1A3956D46DE8}") = "ApiGateways", "ApiGateways", "{FB67923D-7B7F-41B8-A683-4073E0F918FE}"
EndProject
Project("{2150E333-8FDC-42A3-9474-1A3956D46DE8}") = "CRM", "CRM", "{B18A133E-DA67-45DD-9E40-62E3ACCC3FD8}"
EndProject
Project("{9A19103F-16F7-4668-BE54-9A1E7A4F7556}") = "CRM.Domain", "Services\CRM\CRM.Domain\CRM.Domain.csproj", "{66F5828E-3EA0-4FE7-AB61-AF07703DC80A}"
EndProject
Project("{9A19103F-16F7-4668-BE54-9A1E7A4F7556}") = "CRM.Application", "Services\CRM\CRM.Application\CRM.Application.csproj", "{6351104A-85C7-49FC-B822-C5DA9C368FDE}"
	ProjectSection(ProjectDependencies) = postProject
		{66F5828E-3EA0-4FE7-AB61-AF07703DC80A} = {66F5828E-3EA0-4FE7-AB61-AF07703DC80A}
	EndProjectSection
EndProject
Project("{9A19103F-16F7-4668-BE54-9A1E7A4F7556}") = "CRM.Infrastructure", "Services\CRM\CRM.Infrastructure\CRM.Infrastructure.csproj", "{3BCF8AAD-8809-43EB-B91D-55C191E69EDC}"
	ProjectSection(ProjectDependencies) = postProject
		{66F5828E-3EA0-4FE7-AB61-AF07703DC80A} = {66F5828E-3EA0-4FE7-AB61-AF07703DC80A}
	EndProjectSection
EndProject
Project("{9A19103F-16F7-4668-BE54-9A1E7A4F7556}") = "CRM.Tests", "Services\CRM\CRM.Tests\CRM.Tests.csproj", "{A187B1FC-F034-404F-8A1E-BB367A519ACE}"
EndProject
Project("{9A19103F-16F7-4668-BE54-9A1E7A4F7556}") = "OcelotApiGw", "ApiGateways\OcelotApiGw\OcelotApiGw.csproj", "{A16F5E48-01E9-456A-B96D-911357B8D756}"
EndProject
Project("{9A19103F-16F7-4668-BE54-9A1E7A4F7556}") = "CRM.API", "Services\CRM\CRM.API\CRM.API.csproj", "{4DF1CF4E-E921-497E-B973-FE297CB95976}"
	ProjectSection(ProjectDependencies) = postProject
		{3BCF8AAD-8809-43EB-B91D-55C191E69EDC} = {3BCF8AAD-8809-43EB-B91D-55C191E69EDC}
	EndProjectSection
EndProject
Project("{9A19103F-16F7-4668-BE54-9A1E7A4F7556}") = "IdentityService", "Services\Authentication\IdentityService\IdentityService.csproj", "{D2E74693-E95E-411D-A3DA-53839201657A}"
EndProject
Project("{FAE04EC0-301F-11D3-BF4B-00C04F79EFBC}") = "CRM.Aggregator", "ApiGateways\CRM.Aggregator\CRM.Aggregator.csproj", "{A0DA05D4-E766-4A6C-9042-35AF27EDF91B}"
EndProject
Global
	GlobalSection(SolutionConfigurationPlatforms) = preSolution
		Debug|Any CPU = Debug|Any CPU
		Release|Any CPU = Release|Any CPU
	EndGlobalSection
	GlobalSection(ProjectConfigurationPlatforms) = postSolution
		{DF0E39D4-5CFC-4E18-AA51-EC6493F2CE1F}.Debug|Any CPU.ActiveCfg = Debug|Any CPU
		{DF0E39D4-5CFC-4E18-AA51-EC6493F2CE1F}.Debug|Any CPU.Build.0 = Debug|Any CPU
		{DF0E39D4-5CFC-4E18-AA51-EC6493F2CE1F}.Release|Any CPU.ActiveCfg = Release|Any CPU
		{DF0E39D4-5CFC-4E18-AA51-EC6493F2CE1F}.Release|Any CPU.Build.0 = Release|Any CPU
		{39BD7624-244D-4595-87C7-E79519051D4F}.Debug|Any CPU.ActiveCfg = Debug|Any CPU
		{39BD7624-244D-4595-87C7-E79519051D4F}.Debug|Any CPU.Build.0 = Debug|Any CPU
		{39BD7624-244D-4595-87C7-E79519051D4F}.Release|Any CPU.ActiveCfg = Release|Any CPU
		{39BD7624-244D-4595-87C7-E79519051D4F}.Release|Any CPU.Build.0 = Release|Any CPU
		{98202EA4-3925-45F2-AE03-48FD5214A482}.Debug|Any CPU.ActiveCfg = Debug|Any CPU
		{98202EA4-3925-45F2-AE03-48FD5214A482}.Debug|Any CPU.Build.0 = Debug|Any CPU
		{98202EA4-3925-45F2-AE03-48FD5214A482}.Release|Any CPU.ActiveCfg = Release|Any CPU
		{98202EA4-3925-45F2-AE03-48FD5214A482}.Release|Any CPU.Build.0 = Release|Any CPU
		{4FFBA81F-9514-442C-A82F-F422132FEC6A}.Debug|Any CPU.ActiveCfg = Debug|Any CPU
		{4FFBA81F-9514-442C-A82F-F422132FEC6A}.Debug|Any CPU.Build.0 = Debug|Any CPU
		{4FFBA81F-9514-442C-A82F-F422132FEC6A}.Release|Any CPU.ActiveCfg = Release|Any CPU
		{4FFBA81F-9514-442C-A82F-F422132FEC6A}.Release|Any CPU.Build.0 = Release|Any CPU
		{A6D21374-745C-48FF-957A-13FF5B198933}.Debug|Any CPU.ActiveCfg = Debug|Any CPU
		{A6D21374-745C-48FF-957A-13FF5B198933}.Debug|Any CPU.Build.0 = Debug|Any CPU
		{A6D21374-745C-48FF-957A-13FF5B198933}.Release|Any CPU.ActiveCfg = Release|Any CPU
		{A6D21374-745C-48FF-957A-13FF5B198933}.Release|Any CPU.Build.0 = Release|Any CPU
		{DE1B58E6-3F1F-4588-85BD-8710C4FB185D}.Debug|Any CPU.ActiveCfg = Debug|Any CPU
		{DE1B58E6-3F1F-4588-85BD-8710C4FB185D}.Debug|Any CPU.Build.0 = Debug|Any CPU
		{DE1B58E6-3F1F-4588-85BD-8710C4FB185D}.Release|Any CPU.ActiveCfg = Release|Any CPU
		{DE1B58E6-3F1F-4588-85BD-8710C4FB185D}.Release|Any CPU.Build.0 = Release|Any CPU
		{C02142DB-03D3-49C8-A741-000AF857937E}.Debug|Any CPU.ActiveCfg = Debug|Any CPU
		{C02142DB-03D3-49C8-A741-000AF857937E}.Debug|Any CPU.Build.0 = Debug|Any CPU
		{C02142DB-03D3-49C8-A741-000AF857937E}.Release|Any CPU.ActiveCfg = Release|Any CPU
		{C02142DB-03D3-49C8-A741-000AF857937E}.Release|Any CPU.Build.0 = Release|Any CPU
		{4F88099A-88BE-41B3-956A-729228D83A43}.Debug|Any CPU.ActiveCfg = Debug|Any CPU
		{4F88099A-88BE-41B3-956A-729228D83A43}.Debug|Any CPU.Build.0 = Debug|Any CPU
		{4F88099A-88BE-41B3-956A-729228D83A43}.Release|Any CPU.ActiveCfg = Release|Any CPU
		{4F88099A-88BE-41B3-956A-729228D83A43}.Release|Any CPU.Build.0 = Release|Any CPU
		{07285C34-5C5C-4581-9DF6-2EF7E23021ED}.Debug|Any CPU.ActiveCfg = Debug|Any CPU
		{07285C34-5C5C-4581-9DF6-2EF7E23021ED}.Debug|Any CPU.Build.0 = Debug|Any CPU
		{07285C34-5C5C-4581-9DF6-2EF7E23021ED}.Release|Any CPU.ActiveCfg = Release|Any CPU
		{07285C34-5C5C-4581-9DF6-2EF7E23021ED}.Release|Any CPU.Build.0 = Release|Any CPU
		{66F5828E-3EA0-4FE7-AB61-AF07703DC80A}.Debug|Any CPU.ActiveCfg = Debug|Any CPU
		{66F5828E-3EA0-4FE7-AB61-AF07703DC80A}.Debug|Any CPU.Build.0 = Debug|Any CPU
		{66F5828E-3EA0-4FE7-AB61-AF07703DC80A}.Release|Any CPU.ActiveCfg = Release|Any CPU
		{66F5828E-3EA0-4FE7-AB61-AF07703DC80A}.Release|Any CPU.Build.0 = Release|Any CPU
		{6351104A-85C7-49FC-B822-C5DA9C368FDE}.Debug|Any CPU.ActiveCfg = Debug|Any CPU
		{6351104A-85C7-49FC-B822-C5DA9C368FDE}.Debug|Any CPU.Build.0 = Debug|Any CPU
		{6351104A-85C7-49FC-B822-C5DA9C368FDE}.Release|Any CPU.ActiveCfg = Release|Any CPU
		{6351104A-85C7-49FC-B822-C5DA9C368FDE}.Release|Any CPU.Build.0 = Release|Any CPU
		{3BCF8AAD-8809-43EB-B91D-55C191E69EDC}.Debug|Any CPU.ActiveCfg = Debug|Any CPU
		{3BCF8AAD-8809-43EB-B91D-55C191E69EDC}.Debug|Any CPU.Build.0 = Debug|Any CPU
		{3BCF8AAD-8809-43EB-B91D-55C191E69EDC}.Release|Any CPU.ActiveCfg = Release|Any CPU
		{3BCF8AAD-8809-43EB-B91D-55C191E69EDC}.Release|Any CPU.Build.0 = Release|Any CPU
		{A187B1FC-F034-404F-8A1E-BB367A519ACE}.Debug|Any CPU.ActiveCfg = Debug|Any CPU
		{A187B1FC-F034-404F-8A1E-BB367A519ACE}.Debug|Any CPU.Build.0 = Debug|Any CPU
		{A187B1FC-F034-404F-8A1E-BB367A519ACE}.Release|Any CPU.ActiveCfg = Release|Any CPU
		{A187B1FC-F034-404F-8A1E-BB367A519ACE}.Release|Any CPU.Build.0 = Release|Any CPU
		{A16F5E48-01E9-456A-B96D-911357B8D756}.Debug|Any CPU.ActiveCfg = Debug|Any CPU
		{A16F5E48-01E9-456A-B96D-911357B8D756}.Debug|Any CPU.Build.0 = Debug|Any CPU
		{A16F5E48-01E9-456A-B96D-911357B8D756}.Release|Any CPU.ActiveCfg = Release|Any CPU
		{A16F5E48-01E9-456A-B96D-911357B8D756}.Release|Any CPU.Build.0 = Release|Any CPU
		{4DF1CF4E-E921-497E-B973-FE297CB95976}.Debug|Any CPU.ActiveCfg = Debug|Any CPU
		{4DF1CF4E-E921-497E-B973-FE297CB95976}.Debug|Any CPU.Build.0 = Debug|Any CPU
		{4DF1CF4E-E921-497E-B973-FE297CB95976}.Release|Any CPU.ActiveCfg = Release|Any CPU
		{4DF1CF4E-E921-497E-B973-FE297CB95976}.Release|Any CPU.Build.0 = Release|Any CPU
		{D2E74693-E95E-411D-A3DA-53839201657A}.Debug|Any CPU.ActiveCfg = Debug|Any CPU
		{D2E74693-E95E-411D-A3DA-53839201657A}.Debug|Any CPU.Build.0 = Debug|Any CPU
		{D2E74693-E95E-411D-A3DA-53839201657A}.Release|Any CPU.ActiveCfg = Release|Any CPU
		{D2E74693-E95E-411D-A3DA-53839201657A}.Release|Any CPU.Build.0 = Release|Any CPU
		{A0DA05D4-E766-4A6C-9042-35AF27EDF91B}.Debug|Any CPU.ActiveCfg = Debug|Any CPU
		{A0DA05D4-E766-4A6C-9042-35AF27EDF91B}.Debug|Any CPU.Build.0 = Debug|Any CPU
		{A0DA05D4-E766-4A6C-9042-35AF27EDF91B}.Release|Any CPU.ActiveCfg = Release|Any CPU
		{A0DA05D4-E766-4A6C-9042-35AF27EDF91B}.Release|Any CPU.Build.0 = Release|Any CPU
	EndGlobalSection
	GlobalSection(SolutionProperties) = preSolution
		HideSolutionNode = FALSE
	EndGlobalSection
	GlobalSection(NestedProjects) = preSolution
		{A365C598-D9A5-41A7-BFA4-A9179FBCD56D} = {28B2CE78-689E-452D-AE86-D4C35B6C9AB2}
		{0146DE27-8958-4C75-B3B6-89BCF3C0761D} = {28B2CE78-689E-452D-AE86-D4C35B6C9AB2}
		{E3F37D2D-7F9B-4557-9268-7B8E67D73983} = {28B2CE78-689E-452D-AE86-D4C35B6C9AB2}
		{DF0E39D4-5CFC-4E18-AA51-EC6493F2CE1F} = {0146DE27-8958-4C75-B3B6-89BCF3C0761D}
		{39BD7624-244D-4595-87C7-E79519051D4F} = {0146DE27-8958-4C75-B3B6-89BCF3C0761D}
		{98202EA4-3925-45F2-AE03-48FD5214A482} = {E3F37D2D-7F9B-4557-9268-7B8E67D73983}
		{4FFBA81F-9514-442C-A82F-F422132FEC6A} = {E3F37D2D-7F9B-4557-9268-7B8E67D73983}
		{A6D21374-745C-48FF-957A-13FF5B198933} = {E3F37D2D-7F9B-4557-9268-7B8E67D73983}
		{DE1B58E6-3F1F-4588-85BD-8710C4FB185D} = {A365C598-D9A5-41A7-BFA4-A9179FBCD56D}
		{C02142DB-03D3-49C8-A741-000AF857937E} = {A365C598-D9A5-41A7-BFA4-A9179FBCD56D}
		{4F88099A-88BE-41B3-956A-729228D83A43} = {A365C598-D9A5-41A7-BFA4-A9179FBCD56D}
		{07285C34-5C5C-4581-9DF6-2EF7E23021ED} = {A365C598-D9A5-41A7-BFA4-A9179FBCD56D}
		{B18A133E-DA67-45DD-9E40-62E3ACCC3FD8} = {28B2CE78-689E-452D-AE86-D4C35B6C9AB2}
		{66F5828E-3EA0-4FE7-AB61-AF07703DC80A} = {B18A133E-DA67-45DD-9E40-62E3ACCC3FD8}
		{6351104A-85C7-49FC-B822-C5DA9C368FDE} = {B18A133E-DA67-45DD-9E40-62E3ACCC3FD8}
		{3BCF8AAD-8809-43EB-B91D-55C191E69EDC} = {B18A133E-DA67-45DD-9E40-62E3ACCC3FD8}
		{A187B1FC-F034-404F-8A1E-BB367A519ACE} = {B18A133E-DA67-45DD-9E40-62E3ACCC3FD8}
		{A16F5E48-01E9-456A-B96D-911357B8D756} = {FB67923D-7B7F-41B8-A683-4073E0F918FE}
		{4DF1CF4E-E921-497E-B973-FE297CB95976} = {B18A133E-DA67-45DD-9E40-62E3ACCC3FD8}
		{D2E74693-E95E-411D-A3DA-53839201657A} = {A365C598-D9A5-41A7-BFA4-A9179FBCD56D}
		{A0DA05D4-E766-4A6C-9042-35AF27EDF91B} = {FB67923D-7B7F-41B8-A683-4073E0F918FE}
	EndGlobalSection
	GlobalSection(ExtensibilityGlobals) = postSolution
		SolutionGuid = {4BF28508-948A-498D-8A4D-18E4820EB1A2}
	EndGlobalSection
EndGlobal
